
Microsoft Visual Studio Solution File, Format Version 12.00
# Visual Studio Version 17
VisualStudioVersion = 17.9.34616.47
MinimumVisualStudioVersion = 10.0.40219.1
Project("{FAE04EC0-301F-11D3-BF4B-00C04F79EFBC}") = "LambdaAspNetCoreMinimalApiTest", "src\LambdaAspNetCoreMinimalApiTest\LambdaAspNetCoreMinimalApiTest.csproj", "{2CF4771F-0203-47B5-A97F-58185749F418}"
EndProject
Global
	GlobalSection(SolutionConfigurationPlatforms) = preSolution
		Debug|Any CPU = Debug|Any CPU
		Release|Any CPU = Release|Any CPU
	EndGlobalSection
	GlobalSection(ProjectConfigurationPlatforms) = postSolution
		{2CF4771F-0203-47B5-A97F-58185749F418}.Debug|Any CPU.ActiveCfg = Debug|Any CPU
		{2CF4771F-0203-47B5-A97F-58185749F418}.Debug|Any CPU.Build.0 = Debug|Any CPU
		{2CF4771F-0203-47B5-A97F-58185749F418}.Release|Any CPU.ActiveCfg = Release|Any CPU
		{2CF4771F-0203-47B5-A97F-58185749F418}.Release|Any CPU.Build.0 = Release|Any CPU
	EndGlobalSection
	GlobalSection(SolutionProperties) = preSolution
		HideSolutionNode = FALSE
	EndGlobalSection
	GlobalSection(ExtensibilityGlobals) = postSolution
		SolutionGuid = {D46A0309-3873-4739-9397-72532DDCA30C}
	EndGlobalSection
EndGlobal
